
Microsoft Visual Studio Solution File, Format Version 12.00
# Visual Studio Version 17
VisualStudioVersion = 17.7.34018.315
MinimumVisualStudioVersion = 10.0.40219.1
Project("{FAE04EC0-301F-11D3-BF4B-00C04F79EFBC}") = "NUnitPageObjectModel", "NUnitPageObjectModel\NUnitPageObjectModel.csproj", "{0189D3C5-0626-46D2-8E5F-3185A2273706}"
EndProject
Global
	GlobalSection(SolutionConfigurationPlatforms) = preSolution
		Debug|Any CPU = Debug|Any CPU
		Release|Any CPU = Release|Any CPU
	EndGlobalSection
	GlobalSection(ProjectConfigurationPlatforms) = postSolution
		{0189D3C5-0626-46D2-8E5F-3185A2273706}.Debug|Any CPU.ActiveCfg = Debug|Any CPU
		{0189D3C5-0626-46D2-8E5F-3185A2273706}.Debug|Any CPU.Build.0 = Debug|Any CPU
		{0189D3C5-0626-46D2-8E5F-3185A2273706}.Release|Any CPU.ActiveCfg = Release|Any CPU
		{0189D3C5-0626-46D2-8E5F-3185A2273706}.Release|Any CPU.Build.0 = Release|Any CPU
	EndGlobalSection
	GlobalSection(SolutionProperties) = preSolution
		HideSolutionNode = FALSE
	EndGlobalSection
	GlobalSection(ExtensibilityGlobals) = postSolution
		SolutionGuid = {77978940-6A04-4E86-91C2-CE263D423E51}
	EndGlobalSection
EndGlobal
